
Microsoft Visual Studio Solution File, Format Version 11.00
# Visual Studio 2010
Project("{FAE04EC0-301F-11D3-BF4B-00C04F79EFBC}") = "MetalMastery.Web", "MetalMastery.Web\MetalMastery.Web.csproj", "{58E157B0-AC61-4829-BE7A-CD573FDCC841}"
EndProject
Project("{FAE04EC0-301F-11D3-BF4B-00C04F79EFBC}") = "MetalMastery.Data", "MetalMastery.Data\MetalMastery.Data.csproj", "{334D57A9-A3E7-4FA8-8C88-56863CAA6EA9}"
EndProject
Project("{FAE04EC0-301F-11D3-BF4B-00C04F79EFBC}") = "MetalMastery.Core", "MetalMastery.Core\MetalMastery.Core.csproj", "{F986A4BF-BE67-4491-B0C1-B0E1327F4ADA}"
EndProject
Project("{FAE04EC0-301F-11D3-BF4B-00C04F79EFBC}") = "MetalMastery.Services", "MetalMastery.Services\MetalMastery.Services.csproj", "{8D2531E3-99C1-4494-B036-F05DDB7519C3}"
EndProject
Project("{2150E333-8FDC-42A3-9474-1A3956D46DE8}") = "Tests", "Tests", "{5F0BA6F8-F2C2-4DFB-8A77-2288C3BC9208}"
EndProject
Project("{FAE04EC0-301F-11D3-BF4B-00C04F79EFBC}") = "MetalMastery.Services.Tests", "MetalMastery.Services.Tests\MetalMastery.Services.Tests.csproj", "{45502CD1-9B3F-4102-A6CA-BDF317652B4D}"
EndProject
Project("{FAE04EC0-301F-11D3-BF4B-00C04F79EFBC}") = "MetalMastery.Web.Tests", "MetalMastery.Web.Tests\MetalMastery.Web.Tests.csproj", "{050085A7-A117-480F-AC6D-9EC1C491F227}"
EndProject
Project("{2150E333-8FDC-42A3-9474-1A3956D46DE8}") = "Libraries", "Libraries", "{ACF4DFE0-DE63-4090-BBAD-65184474651F}"
EndProject
Project("{2150E333-8FDC-42A3-9474-1A3956D46DE8}") = "Presentation", "Presentation", "{FD1C2FCB-172D-4817-9013-3275B4A549F6}"
EndProject
Project("{FAE04EC0-301F-11D3-BF4B-00C04F79EFBC}") = "MetalMastery.Core.Tests", "MetalMastery.Core.Tests\MetalMastery.Core.Tests.csproj", "{DBDCBFA0-E7EB-49F0-9407-FC0C038B1BA4}"
EndProject
Project("{FAE04EC0-301F-11D3-BF4B-00C04F79EFBC}") = "MetalMastery.Web.Framework", "MetalMastery.Web.Framework\MetalMastery.Web.Framework.csproj", "{030C0339-4CE1-41CA-B5F7-64DE466CF3AD}"
EndProject
Project("{FAE04EC0-301F-11D3-BF4B-00C04F79EFBC}") = "MetalMastery.Data.Tests", "MetalMastery.Data.Tests\MetalMastery.Data.Tests.csproj", "{5CD400C9-C020-436C-A652-AE2938FA3D22}"
EndProject
Global
	GlobalSection(SolutionConfigurationPlatforms) = preSolution
		Debug|Any CPU = Debug|Any CPU
		Debug|Mixed Platforms = Debug|Mixed Platforms
		Debug|x86 = Debug|x86
		Release|Any CPU = Release|Any CPU
		Release|Mixed Platforms = Release|Mixed Platforms
		Release|x86 = Release|x86
	EndGlobalSection
	GlobalSection(ProjectConfigurationPlatforms) = postSolution
		{58E157B0-AC61-4829-BE7A-CD573FDCC841}.Debug|Any CPU.ActiveCfg = Debug|Any CPU
		{58E157B0-AC61-4829-BE7A-CD573FDCC841}.Debug|Any CPU.Build.0 = Debug|Any CPU
		{58E157B0-AC61-4829-BE7A-CD573FDCC841}.Debug|Mixed Platforms.ActiveCfg = Debug|Any CPU
		{58E157B0-AC61-4829-BE7A-CD573FDCC841}.Debug|Mixed Platforms.Build.0 = Debug|Any CPU
		{58E157B0-AC61-4829-BE7A-CD573FDCC841}.Debug|x86.ActiveCfg = Debug|Any CPU
		{58E157B0-AC61-4829-BE7A-CD573FDCC841}.Release|Any CPU.ActiveCfg = Release|Any CPU
		{58E157B0-AC61-4829-BE7A-CD573FDCC841}.Release|Any CPU.Build.0 = Release|Any CPU
		{58E157B0-AC61-4829-BE7A-CD573FDCC841}.Release|Mixed Platforms.ActiveCfg = Release|Any CPU
		{58E157B0-AC61-4829-BE7A-CD573FDCC841}.Release|Mixed Platforms.Build.0 = Release|Any CPU
		{58E157B0-AC61-4829-BE7A-CD573FDCC841}.Release|x86.ActiveCfg = Release|Any CPU
		{334D57A9-A3E7-4FA8-8C88-56863CAA6EA9}.Debug|Any CPU.ActiveCfg = Debug|Any CPU
		{334D57A9-A3E7-4FA8-8C88-56863CAA6EA9}.Debug|Any CPU.Build.0 = Debug|Any CPU
		{334D57A9-A3E7-4FA8-8C88-56863CAA6EA9}.Debug|Mixed Platforms.ActiveCfg = Debug|Any CPU
		{334D57A9-A3E7-4FA8-8C88-56863CAA6EA9}.Debug|Mixed Platforms.Build.0 = Debug|Any CPU
		{334D57A9-A3E7-4FA8-8C88-56863CAA6EA9}.Debug|x86.ActiveCfg = Debug|Any CPU
		{334D57A9-A3E7-4FA8-8C88-56863CAA6EA9}.Release|Any CPU.ActiveCfg = Release|Any CPU
		{334D57A9-A3E7-4FA8-8C88-56863CAA6EA9}.Release|Any CPU.Build.0 = Release|Any CPU
		{334D57A9-A3E7-4FA8-8C88-56863CAA6EA9}.Release|Mixed Platforms.ActiveCfg = Release|Any CPU
		{334D57A9-A3E7-4FA8-8C88-56863CAA6EA9}.Release|Mixed Platforms.Build.0 = Release|Any CPU
		{334D57A9-A3E7-4FA8-8C88-56863CAA6EA9}.Release|x86.ActiveCfg = Release|Any CPU
		{F986A4BF-BE67-4491-B0C1-B0E1327F4ADA}.Debug|Any CPU.ActiveCfg = Debug|Any CPU
		{F986A4BF-BE67-4491-B0C1-B0E1327F4ADA}.Debug|Any CPU.Build.0 = Debug|Any CPU
		{F986A4BF-BE67-4491-B0C1-B0E1327F4ADA}.Debug|Mixed Platforms.ActiveCfg = Debug|Any CPU
		{F986A4BF-BE67-4491-B0C1-B0E1327F4ADA}.Debug|Mixed Platforms.Build.0 = Debug|Any CPU
		{F986A4BF-BE67-4491-B0C1-B0E1327F4ADA}.Debug|x86.ActiveCfg = Debug|Any CPU
		{F986A4BF-BE67-4491-B0C1-B0E1327F4ADA}.Release|Any CPU.ActiveCfg = Release|Any CPU
		{F986A4BF-BE67-4491-B0C1-B0E1327F4ADA}.Release|Any CPU.Build.0 = Release|Any CPU
		{F986A4BF-BE67-4491-B0C1-B0E1327F4ADA}.Release|Mixed Platforms.ActiveCfg = Release|Any CPU
		{F986A4BF-BE67-4491-B0C1-B0E1327F4ADA}.Release|Mixed Platforms.Build.0 = Release|Any CPU
		{F986A4BF-BE67-4491-B0C1-B0E1327F4ADA}.Release|x86.ActiveCfg = Release|Any CPU
		{8D2531E3-99C1-4494-B036-F05DDB7519C3}.Debug|Any CPU.ActiveCfg = Debug|Any CPU
		{8D2531E3-99C1-4494-B036-F05DDB7519C3}.Debug|Any CPU.Build.0 = Debug|Any CPU
		{8D2531E3-99C1-4494-B036-F05DDB7519C3}.Debug|Mixed Platforms.ActiveCfg = Debug|Any CPU
		{8D2531E3-99C1-4494-B036-F05DDB7519C3}.Debug|Mixed Platforms.Build.0 = Debug|Any CPU
		{8D2531E3-99C1-4494-B036-F05DDB7519C3}.Debug|x86.ActiveCfg = Debug|Any CPU
		{8D2531E3-99C1-4494-B036-F05DDB7519C3}.Release|Any CPU.ActiveCfg = Release|Any CPU
		{8D2531E3-99C1-4494-B036-F05DDB7519C3}.Release|Any CPU.Build.0 = Release|Any CPU
		{8D2531E3-99C1-4494-B036-F05DDB7519C3}.Release|Mixed Platforms.ActiveCfg = Release|Any CPU
		{8D2531E3-99C1-4494-B036-F05DDB7519C3}.Release|Mixed Platforms.Build.0 = Release|Any CPU
		{8D2531E3-99C1-4494-B036-F05DDB7519C3}.Release|x86.ActiveCfg = Release|Any CPU
		{45502CD1-9B3F-4102-A6CA-BDF317652B4D}.Debug|Any CPU.ActiveCfg = Debug|Any CPU
		{45502CD1-9B3F-4102-A6CA-BDF317652B4D}.Debug|Any CPU.Build.0 = Debug|Any CPU
		{45502CD1-9B3F-4102-A6CA-BDF317652B4D}.Debug|Mixed Platforms.ActiveCfg = Debug|Any CPU
		{45502CD1-9B3F-4102-A6CA-BDF317652B4D}.Debug|Mixed Platforms.Build.0 = Debug|Any CPU
		{45502CD1-9B3F-4102-A6CA-BDF317652B4D}.Debug|x86.ActiveCfg = Debug|Any CPU
		{45502CD1-9B3F-4102-A6CA-BDF317652B4D}.Release|Any CPU.ActiveCfg = Release|Any CPU
		{45502CD1-9B3F-4102-A6CA-BDF317652B4D}.Release|Any CPU.Build.0 = Release|Any CPU
		{45502CD1-9B3F-4102-A6CA-BDF317652B4D}.Release|Mixed Platforms.ActiveCfg = Release|Any CPU
		{45502CD1-9B3F-4102-A6CA-BDF317652B4D}.Release|Mixed Platforms.Build.0 = Release|Any CPU
		{45502CD1-9B3F-4102-A6CA-BDF317652B4D}.Release|x86.ActiveCfg = Release|Any CPU
		{050085A7-A117-480F-AC6D-9EC1C491F227}.Debug|Any CPU.ActiveCfg = Debug|Any CPU
		{050085A7-A117-480F-AC6D-9EC1C491F227}.Debug|Any CPU.Build.0 = Debug|Any CPU
		{050085A7-A117-480F-AC6D-9EC1C491F227}.Debug|Mixed Platforms.ActiveCfg = Debug|Any CPU
		{050085A7-A117-480F-AC6D-9EC1C491F227}.Debug|Mixed Platforms.Build.0 = Debug|Any CPU
		{050085A7-A117-480F-AC6D-9EC1C491F227}.Debug|x86.ActiveCfg = Debug|Any CPU
		{050085A7-A117-480F-AC6D-9EC1C491F227}.Release|Any CPU.ActiveCfg = Release|Any CPU
		{050085A7-A117-480F-AC6D-9EC1C491F227}.Release|Any CPU.Build.0 = Release|Any CPU
		{050085A7-A117-480F-AC6D-9EC1C491F227}.Release|Mixed Platforms.ActiveCfg = Release|Any CPU
		{050085A7-A117-480F-AC6D-9EC1C491F227}.Release|Mixed Platforms.Build.0 = Release|Any CPU
		{050085A7-A117-480F-AC6D-9EC1C491F227}.Release|x86.ActiveCfg = Release|Any CPU
		{DBDCBFA0-E7EB-49F0-9407-FC0C038B1BA4}.Debug|Any CPU.ActiveCfg = Debug|Any CPU
		{DBDCBFA0-E7EB-49F0-9407-FC0C038B1BA4}.Debug|Any CPU.Build.0 = Debug|Any CPU
		{DBDCBFA0-E7EB-49F0-9407-FC0C038B1BA4}.Debug|Mixed Platforms.ActiveCfg = Debug|Any CPU
		{DBDCBFA0-E7EB-49F0-9407-FC0C038B1BA4}.Debug|Mixed Platforms.Build.0 = Debug|Any CPU
		{DBDCBFA0-E7EB-49F0-9407-FC0C038B1BA4}.Debug|x86.ActiveCfg = Debug|Any CPU
		{DBDCBFA0-E7EB-49F0-9407-FC0C038B1BA4}.Release|Any CPU.ActiveCfg = Release|Any CPU
		{DBDCBFA0-E7EB-49F0-9407-FC0C038B1BA4}.Release|Any CPU.Build.0 = Release|Any CPU
		{DBDCBFA0-E7EB-49F0-9407-FC0C038B1BA4}.Release|Mixed Platforms.ActiveCfg = Release|Any CPU
		{DBDCBFA0-E7EB-49F0-9407-FC0C038B1BA4}.Release|Mixed Platforms.Build.0 = Release|Any CPU
		{DBDCBFA0-E7EB-49F0-9407-FC0C038B1BA4}.Release|x86.ActiveCfg = Release|Any CPU
		{030C0339-4CE1-41CA-B5F7-64DE466CF3AD}.Debug|Any CPU.ActiveCfg = Debug|Any CPU
		{030C0339-4CE1-41CA-B5F7-64DE466CF3AD}.Debug|Any CPU.Build.0 = Debug|Any CPU
		{030C0339-4CE1-41CA-B5F7-64DE466CF3AD}.Debug|Mixed Platforms.ActiveCfg = Debug|Any CPU
		{030C0339-4CE1-41CA-B5F7-64DE466CF3AD}.Debug|Mixed Platforms.Build.0 = Debug|Any CPU
		{030C0339-4CE1-41CA-B5F7-64DE466CF3AD}.Debug|x86.ActiveCfg = Debug|Any CPU
		{030C0339-4CE1-41CA-B5F7-64DE466CF3AD}.Release|Any CPU.ActiveCfg = Release|Any CPU
		{030C0339-4CE1-41CA-B5F7-64DE466CF3AD}.Release|Any CPU.Build.0 = Release|Any CPU
		{030C0339-4CE1-41CA-B5F7-64DE466CF3AD}.Release|Mixed Platforms.ActiveCfg = Release|Any CPU
		{030C0339-4CE1-41CA-B5F7-64DE466CF3AD}.Release|Mixed Platforms.Build.0 = Release|Any CPU
		{030C0339-4CE1-41CA-B5F7-64DE466CF3AD}.Release|x86.ActiveCfg = Release|Any CPU
		{5CD400C9-C020-436C-A652-AE2938FA3D22}.Debug|Any CPU.ActiveCfg = Debug|x86
		{5CD400C9-C020-436C-A652-AE2938FA3D22}.Debug|Mixed Platforms.ActiveCfg = Debug|x86
		{5CD400C9-C020-436C-A652-AE2938FA3D22}.Debug|Mixed Platforms.Build.0 = Debug|x86
		{5CD400C9-C020-436C-A652-AE2938FA3D22}.Debug|x86.ActiveCfg = Debug|x86
		{5CD400C9-C020-436C-A652-AE2938FA3D22}.Debug|x86.Build.0 = Debug|x86
		{5CD400C9-C020-436C-A652-AE2938FA3D22}.Release|Any CPU.ActiveCfg = Release|x86
		{5CD400C9-C020-436C-A652-AE2938FA3D22}.Release|Mixed Platforms.ActiveCfg = Release|x86
		{5CD400C9-C020-436C-A652-AE2938FA3D22}.Release|Mixed Platforms.Build.0 = Release|x86
		{5CD400C9-C020-436C-A652-AE2938FA3D22}.Release|x86.ActiveCfg = Release|x86
		{5CD400C9-C020-436C-A652-AE2938FA3D22}.Release|x86.Build.0 = Release|x86
	EndGlobalSection
	GlobalSection(SolutionProperties) = preSolution
		HideSolutionNode = FALSE
	EndGlobalSection
	GlobalSection(NestedProjects) = preSolution
		{58E157B0-AC61-4829-BE7A-CD573FDCC841} = {FD1C2FCB-172D-4817-9013-3275B4A549F6}
		{030C0339-4CE1-41CA-B5F7-64DE466CF3AD} = {FD1C2FCB-172D-4817-9013-3275B4A549F6}
		{F986A4BF-BE67-4491-B0C1-B0E1327F4ADA} = {ACF4DFE0-DE63-4090-BBAD-65184474651F}
		{8D2531E3-99C1-4494-B036-F05DDB7519C3} = {ACF4DFE0-DE63-4090-BBAD-65184474651F}
		{334D57A9-A3E7-4FA8-8C88-56863CAA6EA9} = {ACF4DFE0-DE63-4090-BBAD-65184474651F}
		{45502CD1-9B3F-4102-A6CA-BDF317652B4D} = {5F0BA6F8-F2C2-4DFB-8A77-2288C3BC9208}
		{050085A7-A117-480F-AC6D-9EC1C491F227} = {5F0BA6F8-F2C2-4DFB-8A77-2288C3BC9208}
		{DBDCBFA0-E7EB-49F0-9407-FC0C038B1BA4} = {5F0BA6F8-F2C2-4DFB-8A77-2288C3BC9208}
		{5CD400C9-C020-436C-A652-AE2938FA3D22} = {5F0BA6F8-F2C2-4DFB-8A77-2288C3BC9208}
	EndGlobalSection
EndGlobal
